
Microsoft Visual Studio Solution File, Format Version 10.00
# Visual Studio 2008
Project("{FAE04EC0-301F-11D3-BF4B-00C04F79EFBC}") = "Zxtlbs.Model", "Zxtlbs.Model\Zxtlbs.Model.csproj", "{BE326FED-0E9E-4949-B2C0-4C85A5E403C3}"
EndProject
Project("{FAE04EC0-301F-11D3-BF4B-00C04F79EFBC}") = "Zxtlbs.Web", "Zxtlbs.Web\Zxtlbs.Web.csproj", "{425101A4-9429-41F2-8B6A-F1D010B085F8}"
EndProject
Global
	GlobalSection(SolutionConfigurationPlatforms) = preSolution
		Debug|Any CPU = Debug|Any CPU
		Release|Any CPU = Release|Any CPU
	EndGlobalSection
	GlobalSection(ProjectConfigurationPlatforms) = postSolution
		{BE326FED-0E9E-4949-B2C0-4C85A5E403C3}.Debug|Any CPU.ActiveCfg = Debug|Any CPU
		{BE326FED-0E9E-4949-B2C0-4C85A5E403C3}.Debug|Any CPU.Build.0 = Debug|Any CPU
		{BE326FED-0E9E-4949-B2C0-4C85A5E403C3}.Release|Any CPU.ActiveCfg = Release|Any CPU
		{BE326FED-0E9E-4949-B2C0-4C85A5E403C3}.Release|Any CPU.Build.0 = Release|Any CPU
		{425101A4-9429-41F2-8B6A-F1D010B085F8}.Debug|Any CPU.ActiveCfg = Debug|Any CPU
		{425101A4-9429-41F2-8B6A-F1D010B085F8}.Debug|Any CPU.Build.0 = Debug|Any CPU
		{425101A4-9429-41F2-8B6A-F1D010B085F8}.Release|Any CPU.ActiveCfg = Release|Any CPU
		{425101A4-9429-41F2-8B6A-F1D010B085F8}.Release|Any CPU.Build.0 = Release|Any CPU
	EndGlobalSection
	GlobalSection(SolutionProperties) = preSolution
		HideSolutionNode = FALSE
	EndGlobalSection
EndGlobal
